
Microsoft Visual Studio Solution File, Format Version 12.00
Project("{FAE04EC0-301F-11D3-BF4B-00C04F79EFBC}") = "Backend_App", "Backend_App\Backend_App.csproj", "{9DC3D537-09A1-41D6-B104-51115E76CBAB}"
EndProject
Project("{FAE04EC0-301F-11D3-BF4B-00C04F79EFBC}") = "Min_FrontEndApp", "Min_FrontEndApp\Min_FrontEndApp.csproj", "{3E471E8D-7F35-4092-8565-F4E91E00862D}"
EndProject
Global
	GlobalSection(SolutionConfigurationPlatforms) = preSolution
		Debug|Any CPU = Debug|Any CPU
		Release|Any CPU = Release|Any CPU
	EndGlobalSection
	GlobalSection(ProjectConfigurationPlatforms) = postSolution
		{9DC3D537-09A1-41D6-B104-51115E76CBAB}.Debug|Any CPU.ActiveCfg = Debug|Any CPU
		{9DC3D537-09A1-41D6-B104-51115E76CBAB}.Debug|Any CPU.Build.0 = Debug|Any CPU
		{9DC3D537-09A1-41D6-B104-51115E76CBAB}.Release|Any CPU.ActiveCfg = Release|Any CPU
		{9DC3D537-09A1-41D6-B104-51115E76CBAB}.Release|Any CPU.Build.0 = Release|Any CPU
		{3E471E8D-7F35-4092-8565-F4E91E00862D}.Debug|Any CPU.ActiveCfg = Debug|Any CPU
		{3E471E8D-7F35-4092-8565-F4E91E00862D}.Debug|Any CPU.Build.0 = Debug|Any CPU
		{3E471E8D-7F35-4092-8565-F4E91E00862D}.Release|Any CPU.ActiveCfg = Release|Any CPU
		{3E471E8D-7F35-4092-8565-F4E91E00862D}.Release|Any CPU.Build.0 = Release|Any CPU
	EndGlobalSection
EndGlobal
